{
  "name": "cloudflare-linktree",
  "version": "1.0.0",
  "lockfileVersion": 2,
  "requires": true,
  "packages": {
    "": {
      "version": "1.0.0",
      "license": "MIT",
      "dependencies": {
        "itty-router": "^2.3.10"
      },
      "devDependencies": {
        "prettier": "^1.18.2"
      }
    },
    "node_modules/itty-router": {
      "version": "2.3.10",
      "resolved": "https://registry.npmjs.org/itty-router/-/itty-router-2.3.10.tgz",
      "integrity": "sha512-ul8quBGpHWZ1HAutnyXm9f9EAz9rLMEA+9bL/E31DviAb0skFhblxQrZLgq/IwgHRjt3HNoqmv8KuVYe094x4g=="
    },
    "node_modules/prettier": {
      "version": "1.19.1",
      "resolved": "https://registry.npmjs.org/prettier/-/prettier-1.19.1.tgz",
      "integrity": "sha512-s7PoyDv/II1ObgQunCbB9PdLmUcBZcnWOcxDh7O0N/UwDEsHyqkW+Qh28jW+mVuCdx7gLB0BotYI1Y6uI9iyew==",
      "dev": true,
      "bin": {
        "prettier": "bin-prettier.js"
      },
      "engines": {
        "node": ">=4"
      }
    }
  },
  "dependencies": {
    "itty-router": {
      "version": "2.3.10",
      "resolved": "https://registry.npmjs.org/itty-router/-/itty-router-2.3.10.tgz",
      "integrity": "sha512-ul8quBGpHWZ1HAutnyXm9f9EAz9rLMEA+9bL/E31DviAb0skFhblxQrZLgq/IwgHRjt3HNoqmv8KuVYe094x4g=="
    },
    "prettier": {
      "version": "1.19.1",
      "resolved": "https://registry.npmjs.org/prettier/-/prettier-1.19.1.tgz",
      "integrity": "sha512-s7PoyDv/II1ObgQunCbB9PdLmUcBZcnWOcxDh7O0N/UwDEsHyqkW+Qh28jW+mVuCdx7gLB0BotYI1Y6uI9iyew==",
      "dev": true
    }
  }
}
